
Microsoft Visual Studio Solution File, Format Version 10.00
# Visual Studio 2008
Project("{8BC9CEB8-8B4A-11D0-8D11-00A0C91BC942}") = "factoryMode", "factoryMode\factoryMode.vcproj", "{EAB33C7A-1A17-4898-8209-D9F73DF09815}"
EndProject
Global
	GlobalSection(SolutionConfigurationPlatforms) = preSolution
		Debug|Win32 = Debug|Win32
		Release|Win32 = Release|Win32
	EndGlobalSection
	GlobalSection(ProjectConfigurationPlatforms) = postSolution
		{EAB33C7A-1A17-4898-8209-D9F73DF09815}.Debug|Win32.ActiveCfg = Debug|Win32
		{EAB33C7A-1A17-4898-8209-D9F73DF09815}.Debug|Win32.Build.0 = Debug|Win32
		{EAB33C7A-1A17-4898-8209-D9F73DF09815}.Release|Win32.ActiveCfg = Release|Win32
		{EAB33C7A-1A17-4898-8209-D9F73DF09815}.Release|Win32.Build.0 = Release|Win32
	EndGlobalSection
	GlobalSection(SolutionProperties) = preSolution
		HideSolutionNode = FALSE
	EndGlobalSection
EndGlobal
